
Microsoft Visual Studio Solution File, Format Version 12.00
# Visual Studio Version 16
VisualStudioVersion = 16.0.30804.86
MinimumVisualStudioVersion = 10.0.40219.1
Project("{FAE04EC0-301F-11D3-BF4B-00C04F79EFBC}") = "AukcijeAPI", "AukcijeAPI\AukcijeAPI.csproj", "{73A06205-4253-4D90-89D2-BBA912F60061}"
EndProject
Project("{FAE04EC0-301F-11D3-BF4B-00C04F79EFBC}") = "RedisDataLayer", "RedisDataLayer\RedisDataLayer.csproj", "{60801AE5-3C09-46BC-9B11-729E969EC90D}"
EndProject
Global
	GlobalSection(SolutionConfigurationPlatforms) = preSolution
		Debug|Any CPU = Debug|Any CPU
		Release|Any CPU = Release|Any CPU
	EndGlobalSection
	GlobalSection(ProjectConfigurationPlatforms) = postSolution
		{73A06205-4253-4D90-89D2-BBA912F60061}.Debug|Any CPU.ActiveCfg = Debug|Any CPU
		{73A06205-4253-4D90-89D2-BBA912F60061}.Debug|Any CPU.Build.0 = Debug|Any CPU
		{73A06205-4253-4D90-89D2-BBA912F60061}.Release|Any CPU.ActiveCfg = Release|Any CPU
		{73A06205-4253-4D90-89D2-BBA912F60061}.Release|Any CPU.Build.0 = Release|Any CPU
		{60801AE5-3C09-46BC-9B11-729E969EC90D}.Debug|Any CPU.ActiveCfg = Debug|Any CPU
		{60801AE5-3C09-46BC-9B11-729E969EC90D}.Debug|Any CPU.Build.0 = Debug|Any CPU
		{60801AE5-3C09-46BC-9B11-729E969EC90D}.Release|Any CPU.ActiveCfg = Release|Any CPU
		{60801AE5-3C09-46BC-9B11-729E969EC90D}.Release|Any CPU.Build.0 = Release|Any CPU
	EndGlobalSection
	GlobalSection(SolutionProperties) = preSolution
		HideSolutionNode = FALSE
	EndGlobalSection
	GlobalSection(ExtensibilityGlobals) = postSolution
		SolutionGuid = {0A7D4D78-53E4-43EF-8A82-294BD40D5CFA}
	EndGlobalSection
EndGlobal
